
Microsoft Visual Studio Solution File, Format Version 11.00
# Visual Studio 2010
Project("{8BC9CEB8-8B4A-11D0-8D11-00A0C91BC942}") = "Assignment3", "Assignment3.vcxproj", "{7566C8C2-20F6-47EC-995C-ED0F567E1835}"
EndProject
Global
	GlobalSection(SolutionConfigurationPlatforms) = preSolution
		Debug|Win32 = Debug|Win32
		Release|Win32 = Release|Win32
	EndGlobalSection
	GlobalSection(ProjectConfigurationPlatforms) = postSolution
		{7566C8C2-20F6-47EC-995C-ED0F567E1835}.Debug|Win32.ActiveCfg = Debug|Win32
		{7566C8C2-20F6-47EC-995C-ED0F567E1835}.Debug|Win32.Build.0 = Debug|Win32
		{7566C8C2-20F6-47EC-995C-ED0F567E1835}.Release|Win32.ActiveCfg = Release|Win32
		{7566C8C2-20F6-47EC-995C-ED0F567E1835}.Release|Win32.Build.0 = Release|Win32
	EndGlobalSection
	GlobalSection(SolutionProperties) = preSolution
		HideSolutionNode = FALSE
	EndGlobalSection
EndGlobal
